// !$*UTF8*$!
{
	archiveVersion = 1;
	classes = {
	};
	objectVersion = 55;
	objects = {

/* Begin PBXBuildFile section */
		DE60865F28AED685003BE4C9 /* CircleImage.swift in Sources */ = {isa = PBXBuildFile; fileRef = DE60865E28AED685003BE4C9 /* CircleImage.swift */; };
		DE60866128AEDA6C003BE4C9 /* PostView.swift in Sources */ = {isa = PBXBuildFile; fileRef = DE60866028AEDA6C003BE4C9 /* PostView.swift */; };
		DE60866328AEDB96003BE4C9 /* StoryView.swift in Sources */ = {isa = PBXBuildFile; fileRef = DE60866228AEDB96003BE4C9 /* StoryView.swift */; };
		DED8A13228AABF8B006077DB /* InstagramApp.swift in Sources */ = {isa = PBXBuildFile; fileRef = DED8A13128AABF8B006077DB /* InstagramApp.swift */; };
		DED8A13428AABF8B006077DB /* ContentView.swift in Sources */ = {isa = PBXBuildFile; fileRef = DED8A13328AABF8B006077DB /* ContentView.swift */; };
		DED8A13628AABF8D006077DB /* Assets.xcassets in Resources */ = {isa = PBXBuildFile; fileRef = DED8A13528AABF8D006077DB /* Assets.xcassets */; };
		DED8A13928AABF8D006077DB /* Preview Assets.xcassets in Resources */ = {isa = PBXBuildFile; fileRef = DED8A13828AABF8D006077DB /* Preview Assets.xcassets */; };
		DED8A14328AABF8D006077DB /* InstagramTests.swift in Sources */ = {isa = PBXBuildFile; fileRef = DED8A14228AABF8D006077DB /* InstagramTests.swift */; };
		DED8A14D28AABF8D006077DB /* InstagramUITests.swift in Sources */ = {isa = PBXBuildFile; fileRef = DED8A14C28AABF8D006077DB /* InstagramUITests.swift */; };
		DED8A14F28AABF8D006077DB /* InstagramUITestsLaunchTests.swift in Sources */ = {isa = PBXBuildFile; fileRef = DED8A14E28AABF8D006077DB /* InstagramUITestsLaunchTests.swift */; };
		DED8A15D28AABFDF006077DB /* Post+Author+Story.swift in Sources */ = {isa = PBXBuildFile; fileRef = DED8A15C28AABFDF006077DB /* Post+Author+Story.swift */; };
/* End PBXBuildFile section */

/* Begin PBXContainerItemProxy section */
		DED8A13F28AABF8D006077DB /* PBXContainerItemProxy */ = {
			isa = PBXContainerItemProxy;
			containerPortal = DED8A12628AABF8B006077DB /* Project object */;
			proxyType = 1;
			remoteGlobalIDString = DED8A12D28AABF8B006077DB;
			remoteInfo = Instagram;
		};
		DED8A14928AABF8D006077DB /* PBXContainerItemProxy */ = {
			isa = PBXContainerItemProxy;
			containerPortal = DED8A12628AABF8B006077DB /* Project object */;
			proxyType = 1;
			remoteGlobalIDString = DED8A12D28AABF8B006077DB;
			remoteInfo = Instagram;
		};
/* End PBXContainerItemProxy section */

/* Begin PBXFileReference section */
		DE60865E28AED685003BE4C9 /* CircleImage.swift */ = {isa = PBXFileReference; lastKnownFileType = sourcecode.swift; path = CircleImage.swift; sourceTree = "<group>"; };
		DE60866028AEDA6C003BE4C9 /* PostView.swift */ = {isa = PBXFileReference; lastKnownFileType = sourcecode.swift; path = PostView.swift; sourceTree = "<group>"; };
		DE60866228AEDB96003BE4C9 /* StoryView.swift */ = {isa = PBXFileReference; lastKnownFileType = sourcecode.swift; path = StoryView.swift; sourceTree = "<group>"; };
		DED8A12E28AABF8B006077DB /* Instagram.app */ = {isa = PBXFileReference; explicitFileType = wrapper.application; includeInIndex = 0; path = Instagram.app; sourceTree = BUILT_PRODUCTS_DIR; };
		DED8A13128AABF8B006077DB /* InstagramApp.swift */ = {isa = PBXFileReference; lastKnownFileType = sourcecode.swift; path = InstagramApp.swift; sourceTree = "<group>"; };
		DED8A13328AABF8B006077DB /* ContentView.swift */ = {isa = PBXFileReference; lastKnownFileType = sourcecode.swift; path = ContentView.swift; sourceTree = "<group>"; };
		DED8A13528AABF8D006077DB /* Assets.xcassets */ = {isa = PBXFileReference; lastKnownFileType = folder.assetcatalog; path = Assets.xcassets; sourceTree = "<group>"; };
		DED8A13828AABF8D006077DB /* Preview Assets.xcassets */ = {isa = PBXFileReference; lastKnownFileType = folder.assetcatalog; path = "Preview Assets.xcassets"; sourceTree = "<group>"; };
		DED8A13E28AABF8D006077DB /* InstagramTests.xctest */ = {isa = PBXFileReference; explicitFileType = wrapper.cfbundle; includeInIndex = 0; path = InstagramTests.xctest; sourceTree = BUILT_PRODUCTS_DIR; };
		DED8A14228AABF8D006077DB /* InstagramTests.swift */ = {isa = PBXFileReference; lastKnownFileType = sourcecode.swift; path = InstagramTests.swift; sourceTree = "<group>"; };
		DED8A14828AABF8D006077DB /* InstagramUITests.xctest */ = {isa = PBXFileReference; explicitFileType = wrapper.cfbundle; includeInIndex = 0; path = InstagramUITests.xctest; sourceTree = BUILT_PRODUCTS_DIR; };
		DED8A14C28AABF8D006077DB /* InstagramUITests.swift */ = {isa = PBXFileReference; lastKnownFileType = sourcecode.swift; path = InstagramUITests.swift; sourceTree = "<group>"; };
		DED8A14E28AABF8D006077DB /* InstagramUITestsLaunchTests.swift */ = {isa = PBXFileReference; lastKnownFileType = sourcecode.swift; path = InstagramUITestsLaunchTests.swift; sourceTree = "<group>"; };
		DED8A15C28AABFDF006077DB /* Post+Author+Story.swift */ = {isa = PBXFileReference; lastKnownFileType = sourcecode.swift; path = "Post+Author+Story.swift"; sourceTree = "<group>"; };
/* End PBXFileReference section */

/* Begin PBXFrameworksBuildPhase section */
		DED8A12B28AABF8B006077DB /* Frameworks */ = {
			isa = PBXFrameworksBuildPhase;
			buildActionMask = 2147483647;
			files = (
			);
			runOnlyForDeploymentPostprocessing = 0;
		};
		DED8A13B28AABF8D006077DB /* Frameworks */ = {
			isa = PBXFrameworksBuildPhase;
			buildActionMask = 2147483647;
			files = (
			);
			runOnlyForDeploymentPostprocessing = 0;
		};
		DED8A14528AABF8D006077DB /* Frameworks */ = {
			isa = PBXFrameworksBuildPhase;
			buildActionMask = 2147483647;
			files = (
			);
			runOnlyForDeploymentPostprocessing = 0;
		};
/* End PBXFrameworksBuildPhase section */

/* Begin PBXGroup section */
		DE60865D28AED677003BE4C9 /* View */ = {
			isa = PBXGroup;
			children = (
				DE60866028AEDA6C003BE4C9 /* PostView.swift */,
				DE60866228AEDB96003BE4C9 /* StoryView.swift */,
				DE60865E28AED685003BE4C9 /* CircleImage.swift */,
			);
			path = View;
			sourceTree = "<group>";
		};
		DED8A12528AABF8B006077DB = {
			isa = PBXGroup;
			children = (
				DED8A13028AABF8B006077DB /* Instagram */,
				DED8A14128AABF8D006077DB /* InstagramTests */,
				DED8A14B28AABF8D006077DB /* InstagramUITests */,
				DED8A12F28AABF8B006077DB /* Products */,
			);
			sourceTree = "<group>";
		};
		DED8A12F28AABF8B006077DB /* Products */ = {
			isa = PBXGroup;
			children = (
				DED8A12E28AABF8B006077DB /* Instagram.app */,
				DED8A13E28AABF8D006077DB /* InstagramTests.xctest */,
				DED8A14828AABF8D006077DB /* InstagramUITests.xctest */,
			);
			name = Products;
			sourceTree = "<group>";
		};
		DED8A13028AABF8B006077DB /* Instagram */ = {
			isa = PBXGroup;
			children = (
				DE60865D28AED677003BE4C9 /* View */,
				DED8A15B28AABFD1006077DB /* Models */,
				DED8A13128AABF8B006077DB /* InstagramApp.swift */,
				DED8A13328AABF8B006077DB /* ContentView.swift */,
				DED8A13528AABF8D006077DB /* Assets.xcassets */,
				DED8A13728AABF8D006077DB /* Preview Content */,
			);
			path = Instagram;
			sourceTree = "<group>";
		};
		DED8A13728AABF8D006077DB /* Preview Content */ = {
			isa = PBXGroup;
			children = (
				DED8A13828AABF8D006077DB /* Preview Assets.xcassets */,
			);
			path = "Preview Content";
			sourceTree = "<group>";
		};
		DED8A14128AABF8D006077DB /* InstagramTests */ = {
			isa = PBXGroup;
			children = (
				DED8A14228AABF8D006077DB /* InstagramTests.swift */,
			);
			path = InstagramTests;
			sourceTree = "<group>";
		};
		DED8A14B28AABF8D006077DB /* InstagramUITests */ = {
			isa = PBXGroup;
			children = (
				DED8A14C28AABF8D006077DB /* InstagramUITests.swift */,
				DED8A14E28AABF8D006077DB /* InstagramUITestsLaunchTests.swift */,
			);
			path = InstagramUITests;
			sourceTree = "<group>";
		};
		DED8A15B28AABFD1006077DB /* Models */ = {
			isa = PBXGroup;
			children = (
				DED8A15C28AABFDF006077DB /* Post+Author+Story.swift */,
			);
			path = Models;
			sourceTree = "<group>";
		};
/* End PBXGroup section */

/* Begin PBXNativeTarget section */
		DED8A12D28AABF8B006077DB /* Instagram */ = {
			isa = PBXNativeTarget;
			buildConfigurationList = DED8A15228AABF8D006077DB /* Build configuration list for PBXNativeTarget "Instagram" */;
			buildPhases = (
				DED8A12A28AABF8B006077DB /* Sources */,
				DED8A12B28AABF8B006077DB /* Frameworks */,
				DED8A12C28AABF8B006077DB /* Resources */,
			);
			buildRules = (
			);
			dependencies = (
			);
			name = Instagram;
			productName = Instagram;
			productReference = DED8A12E28AABF8B006077DB /* Instagram.app */;
			productType = "com.apple.product-type.application";
		};
		DED8A13D28AABF8D006077DB /* InstagramTests */ = {
			isa = PBXNativeTarget;
			buildConfigurationList = DED8A15528AABF8D006077DB /* Build configuration list for PBXNativeTarget "InstagramTests" */;
			buildPhases = (
				DED8A13A28AABF8D006077DB /* Sources */,
				DED8A13B28AABF8D006077DB /* Frameworks */,
				DED8A13C28AABF8D006077DB /* Resources */,
			);
			buildRules = (
			);
			dependencies = (
				DED8A14028AABF8D006077DB /* PBXTargetDependency */,
			);
			name = InstagramTests;
			productName = InstagramTests;
			productReference = DED8A13E28AABF8D006077DB /* InstagramTests.xctest */;
			productType = "com.apple.product-type.bundle.unit-test";
		};
		DED8A14728AABF8D006077DB /* InstagramUITests */ = {
			isa = PBXNativeTarget;
			buildConfigurationList = DED8A15828AABF8D006077DB /* Build configuration list for PBXNativeTarget "InstagramUITests" */;
			buildPhases = (
				DED8A14428AABF8D006077DB /* Sources */,
				DED8A14528AABF8D006077DB /* Frameworks */,
				DED8A14628AABF8D006077DB /* Resources */,
			);
			buildRules = (
			);
			dependencies = (
				DED8A14A28AABF8D006077DB /* PBXTargetDependency */,
			);
			name = InstagramUITests;
			productName = InstagramUITests;
			productReference = DED8A14828AABF8D006077DB /* InstagramUITests.xctest */;
			productType = "com.apple.product-type.bundle.ui-testing";
		};
/* End PBXNativeTarget section */

/* Begin PBXProject section */
		DED8A12628AABF8B006077DB /* Project object */ = {
			isa = PBXProject;
			attributes = {
				BuildIndependentTargetsInParallel = 1;
				LastSwiftUpdateCheck = 1340;
				LastUpgradeCheck = 1340;
				TargetAttributes = {
					DED8A12D28AABF8B006077DB = {
						CreatedOnToolsVersion = 13.4.1;
					};
					DED8A13D28AABF8D006077DB = {
						CreatedOnToolsVersion = 13.4.1;
						TestTargetID = DED8A12D28AABF8B006077DB;
					};
					DED8A14728AABF8D006077DB = {
						CreatedOnToolsVersion = 13.4.1;
						TestTargetID = DED8A12D28AABF8B006077DB;
					};
				};
			};
			buildConfigurationList = DED8A12928AABF8B006077DB /* Build configuration list for PBXProject "Instagram" */;
			compatibilityVersion = "Xcode 13.0";
			developmentRegion = en;
			hasScannedForEncodings = 0;
			knownRegions = (
				en,
				Base,
			);
			mainGroup = DED8A12528AABF8B006077DB;
			productRefGroup = DED8A12F28AABF8B006077DB /* Products */;
			projectDirPath = "";
			projectRoot = "";
			targets = (
				DED8A12D28AABF8B006077DB /* Instagram */,
				DED8A13D28AABF8D006077DB /* InstagramTests */,
				DED8A14728AABF8D006077DB /* InstagramUITests */,
			);
		};
/* End PBXProject section */

/* Begin PBXResourcesBuildPhase section */
		DED8A12C28AABF8B006077DB /* Resources */ = {
			isa = PBXResourcesBuildPhase;
			buildActionMask = 2147483647;
			files = (
				DED8A13928AABF8D006077DB /* Preview Assets.xcassets in Resources */,
				DED8A13628AABF8D006077DB /* Assets.xcassets in Resources */,
			);
			runOnlyForDeploymentPostprocessing = 0;
		};
		DED8A13C28AABF8D006077DB /* Resources */ = {
			isa = PBXResourcesBuildPhase;
			buildActionMask = 2147483647;
			files = (
			);
			runOnlyForDeploymentPostprocessing = 0;
		};
		DED8A14628AABF8D006077DB /* Resources */ = {
			isa = PBXResourcesBuildPhase;
			buildActionMask = 2147483647;
			files = (
			);
			runOnlyForDeploymentPostprocessing = 0;
		};
/* End PBXResourcesBuildPhase section */

/* Begin PBXSourcesBuildPhase section */
		DED8A12A28AABF8B006077DB /* Sources */ = {
			isa = PBXSourcesBuildPhase;
			buildActionMask = 2147483647;
			files = (
				DE60866328AEDB96003BE4C9 /* StoryView.swift in Sources */,
				DED8A13428AABF8B006077DB /* ContentView.swift in Sources */,
				DE60865F28AED685003BE4C9 /* CircleImage.swift in Sources */,
				DED8A15D28AABFDF006077DB /* Post+Author+Story.swift in Sources */,
				DE60866128AEDA6C003BE4C9 /* PostView.swift in Sources */,
				DED8A13228AABF8B006077DB /* InstagramApp.swift in Sources */,
			);
			runOnlyForDeploymentPostprocessing = 0;
		};
		DED8A13A28AABF8D006077DB /* Sources */ = {
			isa = PBXSourcesBuildPhase;
			buildActionMask = 2147483647;
			files = (
				DED8A14328AABF8D006077DB /* InstagramTests.swift in Sources */,
			);
			runOnlyForDeploymentPostprocessing = 0;
		};
		DED8A14428AABF8D006077DB /* Sources */ = {
			isa = PBXSourcesBuildPhase;
			buildActionMask = 2147483647;
			files = (
				DED8A14D28AABF8D006077DB /* InstagramUITests.swift in Sources */,
				DED8A14F28AABF8D006077DB /* InstagramUITestsLaunchTests.swift in Sources */,
			);
			runOnlyForDeploymentPostprocessing = 0;
		};
/* End PBXSourcesBuildPhase section */

/* Begin PBXTargetDependency section */
		DED8A14028AABF8D006077DB /* PBXTargetDependency */ = {
			isa = PBXTargetDependency;
			target = DED8A12D28AABF8B006077DB /* Instagram */;
			targetProxy = DED8A13F28AABF8D006077DB /* PBXContainerItemProxy */;
		};
		DED8A14A28AABF8D006077DB /* PBXTargetDependency */ = {
			isa = PBXTargetDependency;
			target = DED8A12D28AABF8B006077DB /* Instagram */;
			targetProxy = DED8A14928AABF8D006077DB /* PBXContainerItemProxy */;
		};
/* End PBXTargetDependency section */

/* Begin XCBuildConfiguration section */
		DED8A15028AABF8D006077DB /* Debug */ = {
			isa = XCBuildConfiguration;
			buildSettings = {
				ALWAYS_SEARCH_USER_PATHS = NO;
				CLANG_ANALYZER_NONNULL = YES;
				CLANG_ANALYZER_NUMBER_OBJECT_CONVERSION = YES_AGGRESSIVE;
				CLANG_CXX_LANGUAGE_STANDARD = "gnu++17";
				CLANG_ENABLE_MODULES = YES;
				CLANG_ENABLE_OBJC_ARC = YES;
				CLANG_ENABLE_OBJC_WEAK = YES;
				CLANG_WARN_BLOCK_CAPTURE_AUTORELEASING = YES;
				CLANG_WARN_BOOL_CONVERSION = YES;
				CLANG_WARN_COMMA = YES;
				CLANG_WARN_CONSTANT_CONVERSION = YES;
				CLANG_WARN_DEPRECATED_OBJC_IMPLEMENTATIONS = YES;
				CLANG_WARN_DIRECT_OBJC_ISA_USAGE = YES_ERROR;
				CLANG_WARN_DOCUMENTATION_COMMENTS = YES;
				CLANG_WARN_EMPTY_BODY = YES;
				CLANG_WARN_ENUM_CONVERSION = YES;
				CLANG_WARN_INFINITE_RECURSION = YES;
				CLANG_WARN_INT_CONVERSION = YES;
				CLANG_WARN_NON_LITERAL_NULL_CONVERSION = YES;
				CLANG_WARN_OBJC_IMPLICIT_RETAIN_SELF = YES;
				CLANG_WARN_OBJC_LITERAL_CONVERSION = YES;
				CLANG_WARN_OBJC_ROOT_CLASS = YES_ERROR;
				CLANG_WARN_QUOTED_INCLUDE_IN_FRAMEWORK_HEADER = YES;
				CLANG_WARN_RANGE_LOOP_ANALYSIS = YES;
				CLANG_WARN_STRICT_PROTOTYPES = YES;
				CLANG_WARN_SUSPICIOUS_MOVE = YES;
				CLANG_WARN_UNGUARDED_AVAILABILITY = YES_AGGRESSIVE;
				CLANG_WARN_UNREACHABLE_CODE = YES;
				CLANG_WARN__DUPLICATE_METHOD_MATCH = YES;
				COPY_PHASE_STRIP = NO;
				DEBUG_INFORMATION_FORMAT = dwarf;
				ENABLE_STRICT_OBJC_MSGSEND = YES;
				ENABLE_TESTABILITY = YES;
				GCC_C_LANGUAGE_STANDARD = gnu11;
				GCC_DYNAMIC_NO_PIC = NO;
				GCC_NO_COMMON_BLOCKS = YES;
				GCC_OPTIMIZATION_LEVEL = 0;
				GCC_PREPROCESSOR_DEFINITIONS = (
					"DEBUG=1",
					"$(inherited)",
				);
				GCC_WARN_64_TO_32_BIT_CONVERSION = YES;
				GCC_WARN_ABOUT_RETURN_TYPE = YES_ERROR;
				GCC_WARN_UNDECLARED_SELECTOR = YES;
				GCC_WARN_UNINITIALIZED_AUTOS = YES_AGGRESSIVE;
				GCC_WARN_UNUSED_FUNCTION = YES;
				GCC_WARN_UNUSED_VARIABLE = YES;
				IPHONEOS_DEPLOYMENT_TARGET = 15.5;
				MTL_ENABLE_DEBUG_INFO = INCLUDE_SOURCE;
				MTL_FAST_MATH = YES;
				ONLY_ACTIVE_ARCH = YES;
				SDKROOT = iphoneos;
				SWIFT_ACTIVE_COMPILATION_CONDITIONS = DEBUG;
				SWIFT_OPTIMIZATION_LEVEL = "-Onone";
			};
			name = Debug;
		};
		DED8A15128AABF8D006077DB /* Release */ = {
			isa = XCBuildConfiguration;
			buildSettings = {
				ALWAYS_SEARCH_USER_PATHS = NO;
				CLANG_ANALYZER_NONNULL = YES;
				CLANG_ANALYZER_NUMBER_OBJECT_CONVERSION = YES_AGGRESSIVE;
				CLANG_CXX_LANGUAGE_STANDARD = "gnu++17";
				CLANG_ENABLE_MODULES = YES;
				CLANG_ENABLE_OBJC_ARC = YES;
				CLANG_ENABLE_OBJC_WEAK = YES;
				CLANG_WARN_BLOCK_CAPTURE_AUTORELEASING = YES;
				CLANG_WARN_BOOL_CONVERSION = YES;
				CLANG_WARN_COMMA = YES;
				CLANG_WARN_CONSTANT_CONVERSION = YES;
				CLANG_WARN_DEPRECATED_OBJC_IMPLEMENTATIONS = YES;
				CLANG_WARN_DIRECT_OBJC_ISA_USAGE = YES_ERROR;
				CLANG_WARN_DOCUMENTATION_COMMENTS = YES;
				CLANG_WARN_EMPTY_BODY = YES;
				CLANG_WARN_ENUM_CONVERSION = YES;
				CLANG_WARN_INFINITE_RECURSION = YES;
				CLANG_WARN_INT_CONVERSION = YES;
				CLANG_WARN_NON_LITERAL_NULL_CONVERSION = YES;
				CLANG_WARN_OBJC_IMPLICIT_RETAIN_SELF = YES;
				CLANG_WARN_OBJC_LITERAL_CONVERSION = YES;
				CLANG_WARN_OBJC_ROOT_CLASS = YES_ERROR;
				CLANG_WARN_QUOTED_INCLUDE_IN_FRAMEWORK_HEADER = YES;
				CLANG_WARN_RANGE_LOOP_ANALYSIS = YES;
				CLANG_WARN_STRICT_PROTOTYPES = YES;
				CLANG_WARN_SUSPICIOUS_MOVE = YES;
				CLANG_WARN_UNGUARDED_AVAILABILITY = YES_AGGRESSIVE;
				CLANG_WARN_UNREACHABLE_CODE = YES;
				CLANG_WARN__DUPLICATE_METHOD_MATCH = YES;
				COPY_PHASE_STRIP = NO;
				DEBUG_INFORMATION_FORMAT = "dwarf-with-dsym";
				ENABLE_NS_ASSERTIONS = NO;
				ENABLE_STRICT_OBJC_MSGSEND = YES;
				GCC_C_LANGUAGE_STANDARD = gnu11;
				GCC_NO_COMMON_BLOCKS = YES;
				GCC_WARN_64_TO_32_BIT_CONVERSION = YES;
				GCC_WARN_ABOUT_RETURN_TYPE = YES_ERROR;
				GCC_WARN_UNDECLARED_SELECTOR = YES;
				GCC_WARN_UNINITIALIZED_AUTOS = YES_AGGRESSIVE;
				GCC_WARN_UNUSED_FUNCTION = YES;
				GCC_WARN_UNUSED_VARIABLE = YES;
				IPHONEOS_DEPLOYMENT_TARGET = 15.5;
				MTL_ENABLE_DEBUG_INFO = NO;
				MTL_FAST_MATH = YES;
				SDKROOT = iphoneos;
				SWIFT_COMPILATION_MODE = wholemodule;
				SWIFT_OPTIMIZATION_LEVEL = "-O";
				VALIDATE_PRODUCT = YES;
			};
			name = Release;
		};
		DED8A15328AABF8D006077DB /* Debug */ = {
			isa = XCBuildConfiguration;
			buildSettings = {
				ASSETCATALOG_COMPILER_APPICON_NAME = AppIcon;
				ASSETCATALOG_COMPILER_GLOBAL_ACCENT_COLOR_NAME = AccentColor;
				CODE_SIGN_STYLE = Automatic;
				CURRENT_PROJECT_VERSION = 1;
				DEVELOPMENT_ASSET_PATHS = "\"Instagram/Preview Content\"";
				DEVELOPMENT_TEAM = 6438LW8238;
				ENABLE_PREVIEWS = YES;
				GENERATE_INFOPLIST_FILE = YES;
				INFOPLIST_KEY_UIApplicationSceneManifest_Generation = YES;
				INFOPLIST_KEY_UIApplicationSupportsIndirectInputEvents = YES;
				INFOPLIST_KEY_UILaunchScreen_Generation = YES;
				INFOPLIST_KEY_UISupportedInterfaceOrientations_iPad = "UIInterfaceOrientationPortrait UIInterfaceOrientationPortraitUpsideDown UIInterfaceOrientationLandscapeLeft UIInterfaceOrientationLandscapeRight";
				INFOPLIST_KEY_UISupportedInterfaceOrientations_iPhone = "UIInterfaceOrientationPortrait UIInterfaceOrientationLandscapeLeft UIInterfaceOrientationLandscapeRight";
				LD_RUNPATH_SEARCH_PATHS = (
					"$(inherited)",
					"@executable_path/Frameworks",
				);
				MARKETING_VERSION = 1.0;
				PRODUCT_BUNDLE_IDENTIFIER = instagram.Instagram;
				PRODUCT_NAME = "$(TARGET_NAME)";
				SWIFT_EMIT_LOC_STRINGS = YES;
				SWIFT_VERSION = 5.0;
				TARGETED_DEVICE_FAMILY = "1,2";
			};
			name = Debug;
		};
		DED8A15428AABF8D006077DB /* Release */ = {
			isa = XCBuildConfiguration;
			buildSettings = {
				ASSETCATALOG_COMPILER_APPICON_NAME = AppIcon;
				ASSETCATALOG_COMPILER_GLOBAL_ACCENT_COLOR_NAME = AccentColor;
				CODE_SIGN_STYLE = Automatic;
				CURRENT_PROJECT_VERSION = 1;
				DEVELOPMENT_ASSET_PATHS = "\"Instagram/Preview Content\"";
				DEVELOPMENT_TEAM = 6438LW8238;
				ENABLE_PREVIEWS = YES;
				GENERATE_INFOPLIST_FILE = YES;
				INFOPLIST_KEY_UIApplicationSceneManifest_Generation = YES;
				INFOPLIST_KEY_UIApplicationSupportsIndirectInputEvents = YES;
				INFOPLIST_KEY_UILaunchScreen_Generation = YES;
				INFOPLIST_KEY_UISupportedInterfaceOrientations_iPad = "UIInterfaceOrientationPortrait UIInterfaceOrientationPortraitUpsideDown UIInterfaceOrientationLandscapeLeft UIInterfaceOrientationLandscapeRight";
				INFOPLIST_KEY_UISupportedInterfaceOrientations_iPhone = "UIInterfaceOrientationPortrait UIInterfaceOrientationLandscapeLeft UIInterfaceOrientationLandscapeRight";
				LD_RUNPATH_SEARCH_PATHS = (
					"$(inherited)",
					"@executable_path/Frameworks",
				);
				MARKETING_VERSION = 1.0;
				PRODUCT_BUNDLE_IDENTIFIER = instagram.Instagram;
				PRODUCT_NAME = "$(TARGET_NAME)";
				SWIFT_EMIT_LOC_STRINGS = YES;
				SWIFT_VERSION = 5.0;
				TARGETED_DEVICE_FAMILY = "1,2";
			};
			name = Release;
		};
		DED8A15628AABF8D006077DB /* Debug */ = {
			isa = XCBuildConfiguration;
			buildSettings = {
				ALWAYS_EMBED_SWIFT_STANDARD_LIBRARIES = YES;
				BUNDLE_LOADER = "$(TEST_HOST)";
				CODE_SIGN_STYLE = Automatic;
				CURRENT_PROJECT_VERSION = 1;
				DEVELOPMENT_TEAM = 6438LW8238;
				GENERATE_INFOPLIST_FILE = YES;
				IPHONEOS_DEPLOYMENT_TARGET = 15.5;
				MARKETING_VERSION = 1.0;
				PRODUCT_BUNDLE_IDENTIFIER = instagram.InstagramTests;
				PRODUCT_NAME = "$(TARGET_NAME)";
				SWIFT_EMIT_LOC_STRINGS = NO;
				SWIFT_VERSION = 5.0;
				TARGETED_DEVICE_FAMILY = "1,2";
				TEST_HOST = "$(BUILT_PRODUCTS_DIR)/Instagram.app/Instagram";
			};
			name = Debug;
		};
		DED8A15728AABF8D006077DB /* Release */ = {
			isa = XCBuildConfiguration;
			buildSettings = {
				ALWAYS_EMBED_SWIFT_STANDARD_LIBRARIES = YES;
				BUNDLE_LOADER = "$(TEST_HOST)";
				CODE_SIGN_STYLE = Automatic;
				CURRENT_PROJECT_VERSION = 1;
				DEVELOPMENT_TEAM = 6438LW8238;
				GENERATE_INFOPLIST_FILE = YES;
				IPHONEOS_DEPLOYMENT_TARGET = 15.5;
				MARKETING_VERSION = 1.0;
				PRODUCT_BUNDLE_IDENTIFIER = instagram.InstagramTests;
				PRODUCT_NAME = "$(TARGET_NAME)";
				SWIFT_EMIT_LOC_STRINGS = NO;
				SWIFT_VERSION = 5.0;
				TARGETED_DEVICE_FAMILY = "1,2";
				TEST_HOST = "$(BUILT_PRODUCTS_DIR)/Instagram.app/Instagram";
			};
			name = Release;
		};
		DED8A15928AABF8D006077DB /* Debug */ = {
			isa = XCBuildConfiguration;
			buildSettings = {
				ALWAYS_EMBED_SWIFT_STANDARD_LIBRARIES = YES;
				CODE_SIGN_STYLE = Automatic;
				CURRENT_PROJECT_VERSION = 1;
				DEVELOPMENT_TEAM = 6438LW8238;
				GENERATE_INFOPLIST_FILE = YES;
				MARKETING_VERSION = 1.0;
				PRODUCT_BUNDLE_IDENTIFIER = instagram.InstagramUITests;
				PRODUCT_NAME = "$(TARGET_NAME)";
				SWIFT_EMIT_LOC_STRINGS = NO;
				SWIFT_VERSION = 5.0;
				TARGETED_DEVICE_FAMILY = "1,2";
				TEST_TARGET_NAME = Instagram;
			};
			name = Debug;
		};
		DED8A15A28AABF8D006077DB /* Release */ = {
			isa = XCBuildConfiguration;
			buildSettings = {
				ALWAYS_EMBED_SWIFT_STANDARD_LIBRARIES = YES;
				CODE_SIGN_STYLE = Automatic;
				CURRENT_PROJECT_VERSION = 1;
				DEVELOPMENT_TEAM = 6438LW8238;
				GENERATE_INFOPLIST_FILE = YES;
				MARKETING_VERSION = 1.0;
				PRODUCT_BUNDLE_IDENTIFIER = instagram.InstagramUITests;
				PRODUCT_NAME = "$(TARGET_NAME)";
				SWIFT_EMIT_LOC_STRINGS = NO;
				SWIFT_VERSION = 5.0;
				TARGETED_DEVICE_FAMILY = "1,2";
				TEST_TARGET_NAME = Instagram;
			};
			name = Release;
		};
/* End XCBuildConfiguration section */

/* Begin XCConfigurationList section */
		DED8A12928AABF8B006077DB /* Build configuration list for PBXProject "Instagram" */ = {
			isa = XCConfigurationList;
			buildConfigurations = (
				DED8A15028AABF8D006077DB /* Debug */,
				DED8A15128AABF8D006077DB /* Release */,
			);
			defaultConfigurationIsVisible = 0;
			defaultConfigurationName = Release;
		};
		DED8A15228AABF8D006077DB /* Build configuration list for PBXNativeTarget "Instagram" */ = {
			isa = XCConfigurationList;
			buildConfigurations = (
				DED8A15328AABF8D006077DB /* Debug */,
				DED8A15428AABF8D006077DB /* Release */,
			);
			defaultConfigurationIsVisible = 0;
			defaultConfigurationName = Release;
		};
		DED8A15528AABF8D006077DB /* Build configuration list for PBXNativeTarget "InstagramTests" */ = {
			isa = XCConfigurationList;
			buildConfigurations = (
				DED8A15628AABF8D006077DB /* Debug */,
				DED8A15728AABF8D006077DB /* Release */,
			);
			defaultConfigurationIsVisible = 0;
			defaultConfigurationName = Release;
		};
		DED8A15828AABF8D006077DB /* Build configuration list for PBXNativeTarget "InstagramUITests" */ = {
			isa = XCConfigurationList;
			buildConfigurations = (
				DED8A15928AABF8D006077DB /* Debug */,
				DED8A15A28AABF8D006077DB /* Release */,
			);
			defaultConfigurationIsVisible = 0;
			defaultConfigurationName = Release;
		};
/* End XCConfigurationList section */
	};
	rootObject = DED8A12628AABF8B006077DB /* Project object */;
}
